
Microsoft Visual Studio Solution File, Format Version 12.00
# Visual Studio Version 17
VisualStudioVersion = 17.14.36414.22
MinimumVisualStudioVersion = 10.0.40219.1
Project("{FAE04EC0-301F-11D3-BF4B-00C04F79EFBC}") = "Maliev.PredictionService.Api", "Maliev.PredictionService.Api\Maliev.PredictionService.Api.csproj", "{9FAD40B9-D433-4879-B727-D39D66FE9699}"
EndProject
Project("{FAE04EC0-301F-11D3-BF4B-00C04F79EFBC}") = "Maliev.PredictionService.Data", "Maliev.PredictionService.Data\Maliev.PredictionService.Data.csproj", "{A3E4D487-5577-4616-9E13-89832B0CBF30}"
EndProject
Project("{FAE04EC0-301F-11D3-BF4B-00C04F79EFBC}") = "Maliev.PredictionService.ConsoleTrainer", "Maliev.PredictionService.ConsoleTrainer\Maliev.PredictionService.ConsoleTrainer.csproj", "{52F6A0A0-D290-4518-860E-F7AA16CE6BE2}"
EndProject
Project("{FAE04EC0-301F-11D3-BF4B-00C04F79EFBC}") = "Maliev.PredictionService.DataGenerator", "Maliev.PredictionService.DataGenerator\Maliev.PredictionService.DataGenerator.csproj", "{89958CD7-0DE4-4D9B-AF84-12236C1DCB02}"
EndProject
Project("{FAE04EC0-301F-11D3-BF4B-00C04F79EFBC}") = "Maliev.PredictionService.Tests", "Maliev.PredictionService.Tests\Maliev.PredictionService.Tests.csproj", "{BD3AC330-C047-4160-9221-11E4235F7ED3}"
EndProject
Global
	GlobalSection(SolutionConfigurationPlatforms) = preSolution
		Debug|Any CPU = Debug|Any CPU
		Debug|x64 = Debug|x64
		Debug|x86 = Debug|x86
		Release|Any CPU = Release|Any CPU
		Release|x64 = Release|x64
		Release|x86 = Release|x86
	EndGlobalSection
	GlobalSection(ProjectConfigurationPlatforms) = postSolution
		{9FAD40B9-D433-4879-B727-D39D66FE9699}.Debug|Any CPU.ActiveCfg = Debug|Any CPU
		{9FAD40B9-D433-4879-B727-D39D66FE9699}.Debug|Any CPU.Build.0 = Debug|Any CPU
		{9FAD40B9-D433-4879-B727-D39D66FE9699}.Debug|x64.ActiveCfg = Debug|Any CPU
		{9FAD40B9-D433-4879-B727-D39D66FE9699}.Debug|x64.Build.0 = Debug|Any CPU
		{9FAD40B9-D433-4879-B727-D39D66FE9699}.Debug|x86.ActiveCfg = Debug|Any CPU
		{9FAD40B9-D433-4879-B727-D39D66FE9699}.Debug|x86.Build.0 = Debug|Any CPU
		{9FAD40B9-D433-4879-B727-D39D66FE9699}.Release|Any CPU.ActiveCfg = Release|Any CPU
		{9FAD40B9-D433-4879-B727-D39D66FE9699}.Release|Any CPU.Build.0 = Release|Any CPU
		{9FAD40B9-D433-4879-B727-D39D66FE9699}.Release|x64.ActiveCfg = Release|Any CPU
		{9FAD40B9-D433-4879-B727-D39D66FE9699}.Release|x64.Build.0 = Release|Any CPU
		{9FAD40B9-D433-4879-B727-D39D66FE9699}.Release|x86.ActiveCfg = Release|Any CPU
		{9FAD40B9-D433-4879-B727-D39D66FE9699}.Release|x86.Build.0 = Release|Any CPU
		{A3E4D487-5577-4616-9E13-89832B0CBF30}.Debug|Any CPU.ActiveCfg = Debug|Any CPU
		{A3E4D487-5577-4616-9E13-89832B0CBF30}.Debug|Any CPU.Build.0 = Debug|Any CPU
		{A3E4D487-5577-4616-9E13-89832B0CBF30}.Debug|x64.ActiveCfg = Debug|Any CPU
		{A3E4D487-5577-4616-9E13-89832B0CBF30}.Debug|x64.Build.0 = Debug|Any CPU
		{A3E4D487-5577-4616-9E13-89832B0CBF30}.Debug|x86.ActiveCfg = Debug|Any CPU
		{A3E4D487-5577-4616-9E13-89832B0CBF30}.Debug|x86.Build.0 = Debug|Any CPU
		{A3E4D487-5577-4616-9E13-89832B0CBF30}.Release|Any CPU.ActiveCfg = Release|Any CPU
		{A3E4D487-5577-4616-9E13-89832B0CBF30}.Release|Any CPU.Build.0 = Release|Any CPU
		{A3E4D487-5577-4616-9E13-89832B0CBF30}.Release|x64.ActiveCfg = Release|Any CPU
		{A3E4D487-5577-4616-9E13-89832B0CBF30}.Release|x64.Build.0 = Release|Any CPU
		{A3E4D487-5577-4616-9E13-89832B0CBF30}.Release|x86.ActiveCfg = Release|Any CPU
		{A3E4D487-5577-4616-9E13-89832B0CBF30}.Release|x86.Build.0 = Release|Any CPU
		{52F6A0A0-D290-4518-860E-F7AA16CE6BE2}.Debug|Any CPU.ActiveCfg = Debug|Any CPU
		{52F6A0A0-D290-4518-860E-F7AA16CE6BE2}.Debug|Any CPU.Build.0 = Debug|Any CPU
		{52F6A0A0-D290-4518-860E-F7AA16CE6BE2}.Debug|x64.ActiveCfg = Debug|Any CPU
		{52F6A0A0-D290-4518-860E-F7AA16CE6BE2}.Debug|x64.Build.0 = Debug|Any CPU
		{52F6A0A0-D290-4518-860E-F7AA16CE6BE2}.Debug|x86.ActiveCfg = Debug|Any CPU
		{52F6A0A0-D290-4518-860E-F7AA16CE6BE2}.Debug|x86.Build.0 = Debug|Any CPU
		{52F6A0A0-D290-4518-860E-F7AA16CE6BE2}.Release|Any CPU.ActiveCfg = Release|Any CPU
		{52F6A0A0-D290-4518-860E-F7AA16CE6BE2}.Release|Any CPU.Build.0 = Release|Any CPU
		{52F6A0A0-D290-4518-860E-F7AA16CE6BE2}.Release|x64.ActiveCfg = Release|Any CPU
		{52F6A0A0-D290-4518-860E-F7AA16CE6BE2}.Release|x64.Build.0 = Release|Any CPU
		{52F6A0A0-D290-4518-860E-F7AA16CE6BE2}.Release|x86.ActiveCfg = Release|Any CPU
		{52F6A0A0-D290-4518-860E-F7AA16CE6BE2}.Release|x86.Build.0 = Release|Any CPU
		{89958CD7-0DE4-4D9B-AF84-12236C1DCB02}.Debug|Any CPU.ActiveCfg = Debug|Any CPU
		{89958CD7-0DE4-4D9B-AF84-12236C1DCB02}.Debug|Any CPU.Build.0 = Debug|Any CPU
		{89958CD7-0DE4-4D9B-AF84-12236C1DCB02}.Debug|x64.ActiveCfg = Debug|Any CPU
		{89958CD7-0DE4-4D9B-AF84-12236C1DCB02}.Debug|x64.Build.0 = Debug|Any CPU
		{89958CD7-0DE4-4D9B-AF84-12236C1DCB02}.Debug|x86.ActiveCfg = Debug|Any CPU
		{89958CD7-0DE4-4D9B-AF84-12236C1DCB02}.Debug|x86.Build.0 = Debug|Any CPU
		{89958CD7-0DE4-4D9B-AF84-12236C1DCB02}.Release|Any CPU.ActiveCfg = Release|Any CPU
		{89958CD7-0DE4-4D9B-AF84-12236C1DCB02}.Release|Any CPU.Build.0 = Release|Any CPU
		{89958CD7-0DE4-4D9B-AF84-12236C1DCB02}.Release|x64.ActiveCfg = Release|Any CPU
		{89958CD7-0DE4-4D9B-AF84-12236C1DCB02}.Release|x64.Build.0 = Release|Any CPU
		{89958CD7-0DE4-4D9B-AF84-12236C1DCB02}.Release|x86.ActiveCfg = Release|Any CPU
		{89958CD7-0DE4-4D9B-AF84-12236C1DCB02}.Release|x86.Build.0 = Release|Any CPU
		{BD3AC330-C047-4160-9221-11E4235F7ED3}.Debug|Any CPU.ActiveCfg = Debug|Any CPU
		{BD3AC330-C047-4160-9221-11E4235F7ED3}.Debug|Any CPU.Build.0 = Debug|Any CPU
		{BD3AC330-C047-4160-9221-11E4235F7ED3}.Debug|x64.ActiveCfg = Debug|Any CPU
		{BD3AC330-C047-4160-9221-11E4235F7ED3}.Debug|x64.Build.0 = Debug|Any CPU
		{BD3AC330-C047-4160-9221-11E4235F7ED3}.Debug|x86.ActiveCfg = Debug|Any CPU
		{BD3AC330-C047-4160-9221-11E4235F7ED3}.Debug|x86.Build.0 = Debug|Any CPU
		{BD3AC330-C047-4160-9221-11E4235F7ED3}.Release|Any CPU.ActiveCfg = Release|Any CPU
		{BD3AC330-C047-4160-9221-11E4235F7ED3}.Release|Any CPU.Build.0 = Release|Any CPU
		{BD3AC330-C047-4160-9221-11E4235F7ED3}.Release|x64.ActiveCfg = Release|Any CPU
		{BD3AC330-C047-4160-9221-11E4235F7ED3}.Release|x64.Build.0 = Release|Any CPU
		{BD3AC330-C047-4160-9221-11E4235F7ED3}.Release|x86.ActiveCfg = Release|Any CPU
		{BD3AC330-C047-4160-9221-11E4235F7ED3}.Release|x86.Build.0 = Release|Any CPU
	EndGlobalSection
	GlobalSection(SolutionProperties) = preSolution
		HideSolutionNode = FALSE
	EndGlobalSection
	GlobalSection(ExtensibilityGlobals) = postSolution
		SolutionGuid = {EAE67DE2-31D7-472F-808F-A14DB86E3E63}
	EndGlobalSection
EndGlobal
